
Microsoft Visual Studio Solution File, Format Version 12.00
# Visual Studio Version 16
VisualStudioVersion = 16.0.29806.167
MinimumVisualStudioVersion = 10.0.40219.1
Project("{9A19103F-16F7-4668-BE54-9A1E7A4F7556}") = "Payment.Test", "Payment.Test\Payment.Test.csproj", "{6C0D6F74-94C4-4BFC-A2FC-BF5DBF9A3950}"
EndProject
Project("{9A19103F-16F7-4668-BE54-9A1E7A4F7556}") = "Payment.Infrastructure", "Payment.Infrastructure\Payment.Infrastructure.csproj", "{4A259C99-E415-4668-8F1A-EE90933218C6}"
EndProject
Project("{9A19103F-16F7-4668-BE54-9A1E7A4F7556}") = "Payment.Service", "Payment.Service\Payment.Service.csproj", "{3564DF9A-E1AC-431F-89D5-DDA1E6C07F9F}"
EndProject
Global
	GlobalSection(SolutionConfigurationPlatforms) = preSolution
		Debug|Any CPU = Debug|Any CPU
		Release|Any CPU = Release|Any CPU
	EndGlobalSection
	GlobalSection(ProjectConfigurationPlatforms) = postSolution
		{6C0D6F74-94C4-4BFC-A2FC-BF5DBF9A3950}.Debug|Any CPU.ActiveCfg = Debug|Any CPU
		{6C0D6F74-94C4-4BFC-A2FC-BF5DBF9A3950}.Debug|Any CPU.Build.0 = Debug|Any CPU
		{6C0D6F74-94C4-4BFC-A2FC-BF5DBF9A3950}.Release|Any CPU.ActiveCfg = Release|Any CPU
		{6C0D6F74-94C4-4BFC-A2FC-BF5DBF9A3950}.Release|Any CPU.Build.0 = Release|Any CPU
		{4A259C99-E415-4668-8F1A-EE90933218C6}.Debug|Any CPU.ActiveCfg = Debug|Any CPU
		{4A259C99-E415-4668-8F1A-EE90933218C6}.Debug|Any CPU.Build.0 = Debug|Any CPU
		{4A259C99-E415-4668-8F1A-EE90933218C6}.Release|Any CPU.ActiveCfg = Release|Any CPU
		{4A259C99-E415-4668-8F1A-EE90933218C6}.Release|Any CPU.Build.0 = Release|Any CPU
		{3564DF9A-E1AC-431F-89D5-DDA1E6C07F9F}.Debug|Any CPU.ActiveCfg = Debug|Any CPU
		{3564DF9A-E1AC-431F-89D5-DDA1E6C07F9F}.Debug|Any CPU.Build.0 = Debug|Any CPU
		{3564DF9A-E1AC-431F-89D5-DDA1E6C07F9F}.Release|Any CPU.ActiveCfg = Release|Any CPU
		{3564DF9A-E1AC-431F-89D5-DDA1E6C07F9F}.Release|Any CPU.Build.0 = Release|Any CPU
	EndGlobalSection
	GlobalSection(SolutionProperties) = preSolution
		HideSolutionNode = FALSE
	EndGlobalSection
	GlobalSection(ExtensibilityGlobals) = postSolution
		SolutionGuid = {118950E6-EB45-4551-999A-4A25A6856DC8}
	EndGlobalSection
EndGlobal
